// !$*UTF8*$!
{
	archiveVersion = 1;
	classes = {
	};
	objectVersion = 56;
	objects = {

/* Begin PBXBuildFile section */
		FB00000000000000000001 /* iFanApp.swift in Sources */ = {isa = PBXBuildFile; fileRef = FA00000000000000000001 /* iFanApp.swift */; };
		FB00000000000000000002 /* SMC.swift in Sources */ = {isa = PBXBuildFile; fileRef = FA00000000000000000002 /* SMC.swift */; };
		FB00000000000000000003 /* Models.swift in Sources */ = {isa = PBXBuildFile; fileRef = FA00000000000000000003 /* Models.swift */; };
		FB00000000000000000004 /* SensorReader.swift in Sources */ = {isa = PBXBuildFile; fileRef = FA00000000000000000004 /* SensorReader.swift */; };
		FB00000000000000000005 /* FanController.swift in Sources */ = {isa = PBXBuildFile; fileRef = FA00000000000000000005 /* FanController.swift */; };
		FB00000000000000000006 /* AppState.swift in Sources */ = {isa = PBXBuildFile; fileRef = FA00000000000000000006 /* AppState.swift */; };
		FB00000000000000000007 /* MainWindowView.swift in Sources */ = {isa = PBXBuildFile; fileRef = FA00000000000000000007 /* MainWindowView.swift */; };
		FB00000000000000000008 /* Assets.xcassets in Resources */ = {isa = PBXBuildFile; fileRef = FA00000000000000000009 /* Assets.xcassets */; };
/* End PBXBuildFile section */

/* Begin PBXFileReference section */
		FA00000000000000000001 /* iFanApp.swift */ = {isa = PBXFileReference; lastKnownFileType = sourcecode.swift; path = iFanApp.swift; sourceTree = "<group>"; };
		FA00000000000000000002 /* SMC.swift */ = {isa = PBXFileReference; lastKnownFileType = sourcecode.swift; path = SMC.swift; sourceTree = "<group>"; };
		FA00000000000000000003 /* Models.swift */ = {isa = PBXFileReference; lastKnownFileType = sourcecode.swift; path = Models.swift; sourceTree = "<group>"; };
		FA00000000000000000004 /* SensorReader.swift */ = {isa = PBXFileReference; lastKnownFileType = sourcecode.swift; path = SensorReader.swift; sourceTree = "<group>"; };
		FA00000000000000000005 /* FanController.swift */ = {isa = PBXFileReference; lastKnownFileType = sourcecode.swift; path = FanController.swift; sourceTree = "<group>"; };
		FA00000000000000000006 /* AppState.swift */ = {isa = PBXFileReference; lastKnownFileType = sourcecode.swift; path = AppState.swift; sourceTree = "<group>"; };
		FA00000000000000000007 /* MainWindowView.swift */ = {isa = PBXFileReference; lastKnownFileType = sourcecode.swift; path = MainWindowView.swift; sourceTree = "<group>"; };
		FA00000000000000000008 /* iFan.app */ = {isa = PBXFileReference; explicitFileType = wrapper.application; includeInIndex = 0; path = iFan.app; sourceTree = BUILT_PRODUCTS_DIR; };
		FA00000000000000000009 /* Assets.xcassets */ = {isa = PBXFileReference; lastKnownFileType = folder.assetcatalog; path = Assets.xcassets; sourceTree = "<group>"; };
/* End PBXFileReference section */

/* Begin PBXFrameworksBuildPhase section */
		FP00000000000000000002 /* Frameworks */ = {
			isa = PBXFrameworksBuildPhase;
			buildActionMask = 2147483647;
			files = (
			);
			runOnlyForDeploymentPostprocessing = 0;
		};
/* End PBXFrameworksBuildPhase section */

/* Begin PBXGroup section */
		FG00000000000000000001 = {
			isa = PBXGroup;
			children = (
				FG00000000000000000002 /* iFan */,
				FG00000000000000000003 /* Products */,
			);
			sourceTree = "<group>";
		};
		FG00000000000000000002 /* iFan */ = {
			isa = PBXGroup;
			children = (
				FA00000000000000000001 /* iFanApp.swift */,
				FA00000000000000000006 /* AppState.swift */,
				FA00000000000000000003 /* Models.swift */,
				FA00000000000000000002 /* SMC.swift */,
				FA00000000000000000004 /* SensorReader.swift */,
				FA00000000000000000005 /* FanController.swift */,
				FA00000000000000000007 /* MainWindowView.swift */,
				FA00000000000000000009 /* Assets.xcassets */,
			);
			path = iFan;
			sourceTree = "<group>";
		};
		FG00000000000000000003 /* Products */ = {
			isa = PBXGroup;
			children = (
				FA00000000000000000008 /* iFan.app */,
			);
			name = Products;
			sourceTree = "<group>";
		};
/* End PBXGroup section */

/* Begin PBXNativeTarget section */
		FT00000000000000000001 /* iFan */ = {
			isa = PBXNativeTarget;
			buildConfigurationList = FC00000000000000000002 /* Build configuration list for PBXNativeTarget "iFan" */;
			buildPhases = (
				FP00000000000000000001 /* Sources */,
				FP00000000000000000002 /* Frameworks */,
				FP00000000000000000003 /* Resources */,
			);
			buildRules = (
			);
			dependencies = (
			);
			name = iFan;
			productName = iFan;
			productReference = FA00000000000000000008 /* iFan.app */;
			productType = "com.apple.product-type.application";
		};
/* End PBXNativeTarget section */

/* Begin PBXProject section */
		FR00000000000000000001 /* Project object */ = {
			isa = PBXProject;
			attributes = {
				BuildIndependentTargetsInParallel = 1;
				LastSwiftUpdateCheck = 1600;
				LastUpgradeCheck = 1600;
				TargetAttributes = {
					FT00000000000000000001 = {
						CreatedOnToolsVersion = 16.0;
					};
				};
			};
			buildConfigurationList = FC00000000000000000001 /* Build configuration list for PBXProject "iFan" */;
			compatibilityVersion = "Xcode 14.0";
			developmentRegion = en;
			hasScannedForEncodings = 0;
			knownRegions = (
				en,
				Base,
			);
			mainGroup = FG00000000000000000001;
			productRefGroup = FG00000000000000000003 /* Products */;
			projectDirPath = "";
			projectRoot = "";
			targets = (
				FT00000000000000000001 /* iFan */,
			);
		};
/* End PBXProject section */

/* Begin PBXResourcesBuildPhase section */
		FP00000000000000000003 /* Resources */ = {
			isa = PBXResourcesBuildPhase;
			buildActionMask = 2147483647;
			files = (
				FB00000000000000000008 /* Assets.xcassets in Resources */,
			);
			runOnlyForDeploymentPostprocessing = 0;
		};
/* End PBXResourcesBuildPhase section */

/* Begin PBXSourcesBuildPhase section */
		FP00000000000000000001 /* Sources */ = {
			isa = PBXSourcesBuildPhase;
			buildActionMask = 2147483647;
			files = (
				FB00000000000000000001 /* iFanApp.swift in Sources */,
				FB00000000000000000006 /* AppState.swift in Sources */,
				FB00000000000000000003 /* Models.swift in Sources */,
				FB00000000000000000002 /* SMC.swift in Sources */,
				FB00000000000000000004 /* SensorReader.swift in Sources */,
				FB00000000000000000005 /* FanController.swift in Sources */,
				FB00000000000000000007 /* MainWindowView.swift in Sources */,
			);
			runOnlyForDeploymentPostprocessing = 0;
		};
/* End PBXSourcesBuildPhase section */

/* Begin XCBuildConfiguration section */
		FX00000000000000000001 /* Debug */ = {
			isa = XCBuildConfiguration;
			buildSettings = {
				ALWAYS_SEARCH_USER_PATHS = NO;
				CLANG_ANALYZER_NONNULL = YES;
				CLANG_ENABLE_MODULES = YES;
				CLANG_ENABLE_OBJC_ARC = YES;
				COPY_PHASE_STRIP = NO;
				DEBUG_INFORMATION_FORMAT = dwarf;
				ENABLE_STRICT_OBJC_MSGSEND = YES;
				ENABLE_TESTABILITY = YES;
				GCC_DYNAMIC_NO_PIC = NO;
				GCC_OPTIMIZATION_LEVEL = 0;
				GCC_PREPROCESSOR_DEFINITIONS = (
					"DEBUG=1",
					"$(inherited)",
				);
				MACOSX_DEPLOYMENT_TARGET = 14.0;
				ONLY_ACTIVE_ARCH = YES;
				SDKROOT = macosx;
				SWIFT_ACTIVE_COMPILATION_CONDITIONS = DEBUG;
				SWIFT_OPTIMIZATION_LEVEL = "-Onone";
			};
			name = Debug;
		};
		FX00000000000000000002 /* Release */ = {
			isa = XCBuildConfiguration;
			buildSettings = {
				ALWAYS_SEARCH_USER_PATHS = NO;
				CLANG_ANALYZER_NONNULL = YES;
				CLANG_ENABLE_MODULES = YES;
				CLANG_ENABLE_OBJC_ARC = YES;
				COPY_PHASE_STRIP = NO;
				DEBUG_INFORMATION_FORMAT = "dwarf-with-dsym";
				ENABLE_NS_ASSERTIONS = NO;
				ENABLE_STRICT_OBJC_MSGSEND = YES;
				GCC_OPTIMIZATION_LEVEL = s;
				MACOSX_DEPLOYMENT_TARGET = 14.0;
				SDKROOT = macosx;
				SWIFT_COMPILATION_MODE = wholemodule;
				SWIFT_OPTIMIZATION_LEVEL = "-O";
			};
			name = Release;
		};
		FX00000000000000000003 /* Debug */ = {
			isa = XCBuildConfiguration;
			buildSettings = {
				ASSETCATALOG_COMPILER_APPICON_NAME = AppIcon;
				CODE_SIGN_IDENTITY = "-";
				CODE_SIGN_STYLE = Automatic;
				COMBINE_HIDPI_IMAGES = YES;
				CURRENT_PROJECT_VERSION = 2;
				ENABLE_HARDENED_RUNTIME = NO;
				ENABLE_USER_SCRIPT_SANDBOXING = NO;
				GENERATE_INFOPLIST_FILE = YES;
				INFOPLIST_KEY_CFBundleDisplayName = iFan;
				INFOPLIST_KEY_LSApplicationCategoryType = "public.app-category.utilities";
				INFOPLIST_KEY_NSHumanReadableCopyright = "";
				MARKETING_VERSION = 1.0.1;
				OTHER_LDFLAGS = "-framework IOKit";
				PRODUCT_BUNDLE_IDENTIFIER = com.ifan.app;
				PRODUCT_NAME = "$(TARGET_NAME)";
				SWIFT_EMIT_LOC_STRINGS = YES;
				SWIFT_VERSION = 5.0;
			};
			name = Debug;
		};
		FX00000000000000000004 /* Release */ = {
			isa = XCBuildConfiguration;
			buildSettings = {
				ASSETCATALOG_COMPILER_APPICON_NAME = AppIcon;
				CODE_SIGN_IDENTITY = "-";
				CODE_SIGN_STYLE = Automatic;
				COMBINE_HIDPI_IMAGES = YES;
				CURRENT_PROJECT_VERSION = 2;
				ENABLE_HARDENED_RUNTIME = NO;
				ENABLE_USER_SCRIPT_SANDBOXING = NO;
				GENERATE_INFOPLIST_FILE = YES;
				INFOPLIST_KEY_CFBundleDisplayName = iFan;
				INFOPLIST_KEY_LSApplicationCategoryType = "public.app-category.utilities";
				INFOPLIST_KEY_NSHumanReadableCopyright = "";
				MARKETING_VERSION = 1.0.1;
				OTHER_LDFLAGS = "-framework IOKit";
				PRODUCT_BUNDLE_IDENTIFIER = com.ifan.app;
				PRODUCT_NAME = "$(TARGET_NAME)";
				SWIFT_EMIT_LOC_STRINGS = YES;
				SWIFT_VERSION = 5.0;
			};
			name = Release;
		};
/* End XCBuildConfiguration section */

/* Begin XCConfigurationList section */
		FC00000000000000000001 /* Build configuration list for PBXProject "iFan" */ = {
			isa = XCConfigurationList;
			buildConfigurations = (
				FX00000000000000000001 /* Debug */,
				FX00000000000000000002 /* Release */,
			);
			defaultConfigurationIsVisible = 0;
			defaultConfigurationName = Release;
		};
		FC00000000000000000002 /* Build configuration list for PBXNativeTarget "iFan" */ = {
			isa = XCConfigurationList;
			buildConfigurations = (
				FX00000000000000000003 /* Debug */,
				FX00000000000000000004 /* Release */,
			);
			defaultConfigurationIsVisible = 0;
			defaultConfigurationName = Release;
		};
/* End XCConfigurationList section */
	};
	rootObject = FR00000000000000000001 /* Project object */;
}
